
Microsoft Visual Studio Solution File, Format Version 12.00
# Visual Studio 15
VisualStudioVersion = 15.0.28307.572
MinimumVisualStudioVersion = 10.0.40219.1
Project("{FAE04EC0-301F-11D3-BF4B-00C04F79EFBC}") = "App377.Android", "App377\App377.Android\App377.Android.csproj", "{779BB72F-02E5-40E5-8CFF-F7E8A0ACB870}"
EndProject
Project("{FAE04EC0-301F-11D3-BF4B-00C04F79EFBC}") = "App377.iOS", "App377\App377.iOS\App377.iOS.csproj", "{428BF88E-3159-4401-BFF9-C4C5438577A2}"
EndProject
Project("{FAE04EC0-301F-11D3-BF4B-00C04F79EFBC}") = "App377", "App377\App377\App377.csproj", "{BCA69161-6288-4988-8808-E8944009F36D}"
EndProject
Global
	GlobalSection(SolutionConfigurationPlatforms) = preSolution
		Ad-Hoc|Any CPU = Ad-Hoc|Any CPU
		Ad-Hoc|iPhone = Ad-Hoc|iPhone
		Ad-Hoc|iPhoneSimulator = Ad-Hoc|iPhoneSimulator
		AppStore|Any CPU = AppStore|Any CPU
		AppStore|iPhone = AppStore|iPhone
		AppStore|iPhoneSimulator = AppStore|iPhoneSimulator
		Debug|Any CPU = Debug|Any CPU
		Debug|iPhone = Debug|iPhone
		Debug|iPhoneSimulator = Debug|iPhoneSimulator
		Release|Any CPU = Release|Any CPU
		Release|iPhone = Release|iPhone
		Release|iPhoneSimulator = Release|iPhoneSimulator
	EndGlobalSection
	GlobalSection(ProjectConfigurationPlatforms) = postSolution
		{779BB72F-02E5-40E5-8CFF-F7E8A0ACB870}.Ad-Hoc|Any CPU.ActiveCfg = Release|Any CPU
		{779BB72F-02E5-40E5-8CFF-F7E8A0ACB870}.Ad-Hoc|Any CPU.Build.0 = Release|Any CPU
		{779BB72F-02E5-40E5-8CFF-F7E8A0ACB870}.Ad-Hoc|Any CPU.Deploy.0 = Release|Any CPU
		{779BB72F-02E5-40E5-8CFF-F7E8A0ACB870}.Ad-Hoc|iPhone.ActiveCfg = Release|Any CPU
		{779BB72F-02E5-40E5-8CFF-F7E8A0ACB870}.Ad-Hoc|iPhone.Build.0 = Release|Any CPU
		{779BB72F-02E5-40E5-8CFF-F7E8A0ACB870}.Ad-Hoc|iPhone.Deploy.0 = Release|Any CPU
		{779BB72F-02E5-40E5-8CFF-F7E8A0ACB870}.Ad-Hoc|iPhoneSimulator.ActiveCfg = Release|Any CPU
		{779BB72F-02E5-40E5-8CFF-F7E8A0ACB870}.Ad-Hoc|iPhoneSimulator.Build.0 = Release|Any CPU
		{779BB72F-02E5-40E5-8CFF-F7E8A0ACB870}.Ad-Hoc|iPhoneSimulator.Deploy.0 = Release|Any CPU
		{779BB72F-02E5-40E5-8CFF-F7E8A0ACB870}.AppStore|Any CPU.ActiveCfg = Release|Any CPU
		{779BB72F-02E5-40E5-8CFF-F7E8A0ACB870}.AppStore|Any CPU.Build.0 = Release|Any CPU
		{779BB72F-02E5-40E5-8CFF-F7E8A0ACB870}.AppStore|Any CPU.Deploy.0 = Release|Any CPU
		{779BB72F-02E5-40E5-8CFF-F7E8A0ACB870}.AppStore|iPhone.ActiveCfg = Release|Any CPU
		{779BB72F-02E5-40E5-8CFF-F7E8A0ACB870}.AppStore|iPhone.Build.0 = Release|Any CPU
		{779BB72F-02E5-40E5-8CFF-F7E8A0ACB870}.AppStore|iPhone.Deploy.0 = Release|Any CPU
		{779BB72F-02E5-40E5-8CFF-F7E8A0ACB870}.AppStore|iPhoneSimulator.ActiveCfg = Release|Any CPU
		{779BB72F-02E5-40E5-8CFF-F7E8A0ACB870}.AppStore|iPhoneSimulator.Build.0 = Release|Any CPU
		{779BB72F-02E5-40E5-8CFF-F7E8A0ACB870}.AppStore|iPhoneSimulator.Deploy.0 = Release|Any CPU
		{779BB72F-02E5-40E5-8CFF-F7E8A0ACB870}.Debug|Any CPU.ActiveCfg = Debug|Any CPU
		{779BB72F-02E5-40E5-8CFF-F7E8A0ACB870}.Debug|Any CPU.Build.0 = Debug|Any CPU
		{779BB72F-02E5-40E5-8CFF-F7E8A0ACB870}.Debug|Any CPU.Deploy.0 = Debug|Any CPU
		{779BB72F-02E5-40E5-8CFF-F7E8A0ACB870}.Debug|iPhone.ActiveCfg = Debug|Any CPU
		{779BB72F-02E5-40E5-8CFF-F7E8A0ACB870}.Debug|iPhone.Build.0 = Debug|Any CPU
		{779BB72F-02E5-40E5-8CFF-F7E8A0ACB870}.Debug|iPhone.Deploy.0 = Debug|Any CPU
		{779BB72F-02E5-40E5-8CFF-F7E8A0ACB870}.Debug|iPhoneSimulator.ActiveCfg = Debug|Any CPU
		{779BB72F-02E5-40E5-8CFF-F7E8A0ACB870}.Debug|iPhoneSimulator.Build.0 = Debug|Any CPU
		{779BB72F-02E5-40E5-8CFF-F7E8A0ACB870}.Debug|iPhoneSimulator.Deploy.0 = Debug|Any CPU
		{779BB72F-02E5-40E5-8CFF-F7E8A0ACB870}.Release|Any CPU.ActiveCfg = Release|Any CPU
		{779BB72F-02E5-40E5-8CFF-F7E8A0ACB870}.Release|Any CPU.Build.0 = Release|Any CPU
		{779BB72F-02E5-40E5-8CFF-F7E8A0ACB870}.Release|Any CPU.Deploy.0 = Release|Any CPU
		{779BB72F-02E5-40E5-8CFF-F7E8A0ACB870}.Release|iPhone.ActiveCfg = Release|Any CPU
		{779BB72F-02E5-40E5-8CFF-F7E8A0ACB870}.Release|iPhone.Build.0 = Release|Any CPU
		{779BB72F-02E5-40E5-8CFF-F7E8A0ACB870}.Release|iPhone.Deploy.0 = Release|Any CPU
		{779BB72F-02E5-40E5-8CFF-F7E8A0ACB870}.Release|iPhoneSimulator.ActiveCfg = Release|Any CPU
		{779BB72F-02E5-40E5-8CFF-F7E8A0ACB870}.Release|iPhoneSimulator.Build.0 = Release|Any CPU
		{779BB72F-02E5-40E5-8CFF-F7E8A0ACB870}.Release|iPhoneSimulator.Deploy.0 = Release|Any CPU
		{428BF88E-3159-4401-BFF9-C4C5438577A2}.Ad-Hoc|Any CPU.ActiveCfg = Ad-Hoc|iPhone
		{428BF88E-3159-4401-BFF9-C4C5438577A2}.Ad-Hoc|Any CPU.Build.0 = Ad-Hoc|iPhone
		{428BF88E-3159-4401-BFF9-C4C5438577A2}.Ad-Hoc|Any CPU.Deploy.0 = Ad-Hoc|iPhone
		{428BF88E-3159-4401-BFF9-C4C5438577A2}.Ad-Hoc|iPhone.ActiveCfg = Ad-Hoc|iPhone
		{428BF88E-3159-4401-BFF9-C4C5438577A2}.Ad-Hoc|iPhone.Build.0 = Ad-Hoc|iPhone
		{428BF88E-3159-4401-BFF9-C4C5438577A2}.Ad-Hoc|iPhone.Deploy.0 = Ad-Hoc|iPhone
		{428BF88E-3159-4401-BFF9-C4C5438577A2}.Ad-Hoc|iPhoneSimulator.ActiveCfg = Ad-Hoc|iPhoneSimulator
		{428BF88E-3159-4401-BFF9-C4C5438577A2}.Ad-Hoc|iPhoneSimulator.Build.0 = Ad-Hoc|iPhoneSimulator
		{428BF88E-3159-4401-BFF9-C4C5438577A2}.Ad-Hoc|iPhoneSimulator.Deploy.0 = Ad-Hoc|iPhoneSimulator
		{428BF88E-3159-4401-BFF9-C4C5438577A2}.AppStore|Any CPU.ActiveCfg = AppStore|iPhone
		{428BF88E-3159-4401-BFF9-C4C5438577A2}.AppStore|Any CPU.Build.0 = AppStore|iPhone
		{428BF88E-3159-4401-BFF9-C4C5438577A2}.AppStore|Any CPU.Deploy.0 = AppStore|iPhone
		{428BF88E-3159-4401-BFF9-C4C5438577A2}.AppStore|iPhone.ActiveCfg = AppStore|iPhone
		{428BF88E-3159-4401-BFF9-C4C5438577A2}.AppStore|iPhone.Build.0 = AppStore|iPhone
		{428BF88E-3159-4401-BFF9-C4C5438577A2}.AppStore|iPhone.Deploy.0 = AppStore|iPhone
		{428BF88E-3159-4401-BFF9-C4C5438577A2}.AppStore|iPhoneSimulator.ActiveCfg = AppStore|iPhoneSimulator
		{428BF88E-3159-4401-BFF9-C4C5438577A2}.AppStore|iPhoneSimulator.Build.0 = AppStore|iPhoneSimulator
		{428BF88E-3159-4401-BFF9-C4C5438577A2}.AppStore|iPhoneSimulator.Deploy.0 = AppStore|iPhoneSimulator
		{428BF88E-3159-4401-BFF9-C4C5438577A2}.Debug|Any CPU.ActiveCfg = Debug|iPhoneSimulator
		{428BF88E-3159-4401-BFF9-C4C5438577A2}.Debug|Any CPU.Build.0 = Debug|iPhoneSimulator
		{428BF88E-3159-4401-BFF9-C4C5438577A2}.Debug|Any CPU.Deploy.0 = Debug|iPhoneSimulator
		{428BF88E-3159-4401-BFF9-C4C5438577A2}.Debug|iPhone.ActiveCfg = Debug|iPhone
		{428BF88E-3159-4401-BFF9-C4C5438577A2}.Debug|iPhone.Build.0 = Debug|iPhone
		{428BF88E-3159-4401-BFF9-C4C5438577A2}.Debug|iPhone.Deploy.0 = Debug|iPhone
		{428BF88E-3159-4401-BFF9-C4C5438577A2}.Debug|iPhoneSimulator.ActiveCfg = Debug|iPhoneSimulator
		{428BF88E-3159-4401-BFF9-C4C5438577A2}.Debug|iPhoneSimulator.Build.0 = Debug|iPhoneSimulator
		{428BF88E-3159-4401-BFF9-C4C5438577A2}.Debug|iPhoneSimulator.Deploy.0 = Debug|iPhoneSimulator
		{428BF88E-3159-4401-BFF9-C4C5438577A2}.Release|Any CPU.ActiveCfg = Release|iPhone
		{428BF88E-3159-4401-BFF9-C4C5438577A2}.Release|Any CPU.Build.0 = Release|iPhone
		{428BF88E-3159-4401-BFF9-C4C5438577A2}.Release|Any CPU.Deploy.0 = Release|iPhone
		{428BF88E-3159-4401-BFF9-C4C5438577A2}.Release|iPhone.ActiveCfg = Release|iPhone
		{428BF88E-3159-4401-BFF9-C4C5438577A2}.Release|iPhone.Build.0 = Release|iPhone
		{428BF88E-3159-4401-BFF9-C4C5438577A2}.Release|iPhone.Deploy.0 = Release|iPhone
		{428BF88E-3159-4401-BFF9-C4C5438577A2}.Release|iPhoneSimulator.ActiveCfg = Release|iPhoneSimulator
		{428BF88E-3159-4401-BFF9-C4C5438577A2}.Release|iPhoneSimulator.Build.0 = Release|iPhoneSimulator
		{428BF88E-3159-4401-BFF9-C4C5438577A2}.Release|iPhoneSimulator.Deploy.0 = Release|iPhoneSimulator
		{BCA69161-6288-4988-8808-E8944009F36D}.Ad-Hoc|Any CPU.ActiveCfg = Debug|Any CPU
		{BCA69161-6288-4988-8808-E8944009F36D}.Ad-Hoc|Any CPU.Build.0 = Debug|Any CPU
		{BCA69161-6288-4988-8808-E8944009F36D}.Ad-Hoc|Any CPU.Deploy.0 = Debug|Any CPU
		{BCA69161-6288-4988-8808-E8944009F36D}.Ad-Hoc|iPhone.ActiveCfg = Debug|Any CPU
		{BCA69161-6288-4988-8808-E8944009F36D}.Ad-Hoc|iPhone.Build.0 = Debug|Any CPU
		{BCA69161-6288-4988-8808-E8944009F36D}.Ad-Hoc|iPhone.Deploy.0 = Debug|Any CPU
		{BCA69161-6288-4988-8808-E8944009F36D}.Ad-Hoc|iPhoneSimulator.ActiveCfg = Debug|Any CPU
		{BCA69161-6288-4988-8808-E8944009F36D}.Ad-Hoc|iPhoneSimulator.Build.0 = Debug|Any CPU
		{BCA69161-6288-4988-8808-E8944009F36D}.Ad-Hoc|iPhoneSimulator.Deploy.0 = Debug|Any CPU
		{BCA69161-6288-4988-8808-E8944009F36D}.AppStore|Any CPU.ActiveCfg = Debug|Any CPU
		{BCA69161-6288-4988-8808-E8944009F36D}.AppStore|Any CPU.Build.0 = Debug|Any CPU
		{BCA69161-6288-4988-8808-E8944009F36D}.AppStore|Any CPU.Deploy.0 = Debug|Any CPU
		{BCA69161-6288-4988-8808-E8944009F36D}.AppStore|iPhone.ActiveCfg = Debug|Any CPU
		{BCA69161-6288-4988-8808-E8944009F36D}.AppStore|iPhone.Build.0 = Debug|Any CPU
		{BCA69161-6288-4988-8808-E8944009F36D}.AppStore|iPhone.Deploy.0 = Debug|Any CPU
		{BCA69161-6288-4988-8808-E8944009F36D}.AppStore|iPhoneSimulator.ActiveCfg = Debug|Any CPU
		{BCA69161-6288-4988-8808-E8944009F36D}.AppStore|iPhoneSimulator.Build.0 = Debug|Any CPU
		{BCA69161-6288-4988-8808-E8944009F36D}.AppStore|iPhoneSimulator.Deploy.0 = Debug|Any CPU
		{BCA69161-6288-4988-8808-E8944009F36D}.Debug|Any CPU.ActiveCfg = Debug|Any CPU
		{BCA69161-6288-4988-8808-E8944009F36D}.Debug|Any CPU.Build.0 = Debug|Any CPU
		{BCA69161-6288-4988-8808-E8944009F36D}.Debug|Any CPU.Deploy.0 = Debug|Any CPU
		{BCA69161-6288-4988-8808-E8944009F36D}.Debug|iPhone.ActiveCfg = Debug|Any CPU
		{BCA69161-6288-4988-8808-E8944009F36D}.Debug|iPhone.Build.0 = Debug|Any CPU
		{BCA69161-6288-4988-8808-E8944009F36D}.Debug|iPhone.Deploy.0 = Debug|Any CPU
		{BCA69161-6288-4988-8808-E8944009F36D}.Debug|iPhoneSimulator.ActiveCfg = Debug|Any CPU
		{BCA69161-6288-4988-8808-E8944009F36D}.Debug|iPhoneSimulator.Build.0 = Debug|Any CPU
		{BCA69161-6288-4988-8808-E8944009F36D}.Debug|iPhoneSimulator.Deploy.0 = Debug|Any CPU
		{BCA69161-6288-4988-8808-E8944009F36D}.Release|Any CPU.ActiveCfg = Release|Any CPU
		{BCA69161-6288-4988-8808-E8944009F36D}.Release|Any CPU.Build.0 = Release|Any CPU
		{BCA69161-6288-4988-8808-E8944009F36D}.Release|Any CPU.Deploy.0 = Release|Any CPU
		{BCA69161-6288-4988-8808-E8944009F36D}.Release|iPhone.ActiveCfg = Release|Any CPU
		{BCA69161-6288-4988-8808-E8944009F36D}.Release|iPhone.Build.0 = Release|Any CPU
		{BCA69161-6288-4988-8808-E8944009F36D}.Release|iPhone.Deploy.0 = Release|Any CPU
		{BCA69161-6288-4988-8808-E8944009F36D}.Release|iPhoneSimulator.ActiveCfg = Release|Any CPU
		{BCA69161-6288-4988-8808-E8944009F36D}.Release|iPhoneSimulator.Build.0 = Release|Any CPU
		{BCA69161-6288-4988-8808-E8944009F36D}.Release|iPhoneSimulator.Deploy.0 = Release|Any CPU
	EndGlobalSection
	GlobalSection(SolutionProperties) = preSolution
		HideSolutionNode = FALSE
	EndGlobalSection
	GlobalSection(ExtensibilityGlobals) = postSolution
		SolutionGuid = {606902FC-A7D8-4C08-B87B-721AA9AFD1D0}
	EndGlobalSection
EndGlobal
